
Microsoft Visual Studio Solution File, Format Version 12.00
# Visual Studio Version 16
VisualStudioVersion = 16.0.30225.117
MinimumVisualStudioVersion = 10.0.40219.1
Project("{FAE04EC0-301F-11D3-BF4B-00C04F79EFBC}") = "IoTDevicesManagment", "IoTDevicesManagment\IoTDevicesManagment.csproj", "{72AF8FF4-2685-4ADA-B28C-FB4E71CE2E02}"
EndProject
Global
	GlobalSection(SolutionConfigurationPlatforms) = preSolution
		Debug|Any CPU = Debug|Any CPU
		Release|Any CPU = Release|Any CPU
	EndGlobalSection
	GlobalSection(ProjectConfigurationPlatforms) = postSolution
		{72AF8FF4-2685-4ADA-B28C-FB4E71CE2E02}.Debug|Any CPU.ActiveCfg = Debug|Any CPU
		{72AF8FF4-2685-4ADA-B28C-FB4E71CE2E02}.Debug|Any CPU.Build.0 = Debug|Any CPU
		{72AF8FF4-2685-4ADA-B28C-FB4E71CE2E02}.Release|Any CPU.ActiveCfg = Release|Any CPU
		{72AF8FF4-2685-4ADA-B28C-FB4E71CE2E02}.Release|Any CPU.Build.0 = Release|Any CPU
	EndGlobalSection
	GlobalSection(SolutionProperties) = preSolution
		HideSolutionNode = FALSE
	EndGlobalSection
	GlobalSection(ExtensibilityGlobals) = postSolution
		SolutionGuid = {403074EC-1556-455C-BBF8-5A75AD6607D1}
	EndGlobalSection
EndGlobal
